
Microsoft Visual Studio Solution File, Format Version 12.00
# Visual Studio Version 17
VisualStudioVersion = 17.10.34928.147
MinimumVisualStudioVersion = 10.0.40219.1
Project("{FAE04EC0-301F-11D3-BF4B-00C04F79EFBC}") = "ListaDeTarefas", "ListaDeTarefas\ListaDeTarefas.csproj", "{9FE0D19F-AF12-45E3-9C0E-EB5DD4156561}"
EndProject
Global
	GlobalSection(SolutionConfigurationPlatforms) = preSolution
		Debug|Any CPU = Debug|Any CPU
		Release|Any CPU = Release|Any CPU
	EndGlobalSection
	GlobalSection(ProjectConfigurationPlatforms) = postSolution
		{9FE0D19F-AF12-45E3-9C0E-EB5DD4156561}.Debug|Any CPU.ActiveCfg = Debug|Any CPU
		{9FE0D19F-AF12-45E3-9C0E-EB5DD4156561}.Debug|Any CPU.Build.0 = Debug|Any CPU
		{9FE0D19F-AF12-45E3-9C0E-EB5DD4156561}.Release|Any CPU.ActiveCfg = Release|Any CPU
		{9FE0D19F-AF12-45E3-9C0E-EB5DD4156561}.Release|Any CPU.Build.0 = Release|Any CPU
	EndGlobalSection
	GlobalSection(SolutionProperties) = preSolution
		HideSolutionNode = FALSE
	EndGlobalSection
	GlobalSection(ExtensibilityGlobals) = postSolution
		SolutionGuid = {ACE18DB4-8D52-43AF-980C-48C0554EFB61}
	EndGlobalSection
EndGlobal
